{
  "nodes": {
    "agenix": {
      "inputs": {
        "darwin": [
          "nix-darwin"
        ],
        "home-manager": [
          "home-manager"
        ],
        "nixpkgs": [
          "nixpkgs"
        ],
        "systems": "systems"
      },
      "locked": {
        "lastModified": 1707830867,
        "narHash": "sha256-PAdwm5QqdlwIqGrfzzvzZubM+FXtilekQ/FA0cI49/o=",
        "owner": "ryantm",
        "repo": "agenix",
        "rev": "8cb01a0e717311680e0cbca06a76cbceba6f3ed6",
        "type": "github"
      },
      "original": {
        "owner": "ryantm",
        "repo": "agenix",
        "type": "github"
      }
    },
    "alejandra": {
      "inputs": {
        "fenix": "fenix",
        "flakeCompat": "flakeCompat",
        "nixpkgs": [
          "nixpkgs"
        ]
      },
      "locked": {
        "lastModified": 1694541876,
        "narHash": "sha256-lStDIPizbJipd1JpNKX1olBKzyIosyC2U/mVFwJPcZE=",
        "owner": "kamadorueda",
        "repo": "alejandra",
        "rev": "e53c2c6c6c103dc3f848dbd9fbd93ee7c69c109f",
        "type": "github"
      },
      "original": {
        "owner": "kamadorueda",
        "repo": "alejandra",
        "type": "github"
      }
    },
    "fenix": {
      "inputs": {
        "nixpkgs": [
          "alejandra",
          "nixpkgs"
        ],
        "rust-analyzer-src": "rust-analyzer-src"
      },
      "locked": {
        "lastModified": 1668234453,
        "narHash": "sha256-FmuZThToBvRsqCauYJ3l8HJoGLAY5cMULeYEKIaGrRw=",
        "owner": "nix-community",
        "repo": "fenix",
        "rev": "8f219f6b36e8d0d56afa7f67e6e3df63ef013cdb",
        "type": "github"
      },
      "original": {
        "owner": "nix-community",
        "repo": "fenix",
        "type": "github"
      }
    },
    "flake-utils": {
      "inputs": {
        "systems": "systems_2"
      },
      "locked": {
        "lastModified": 1705309234,
        "narHash": "sha256-uNRRNRKmJyCRC/8y1RqBkqWBLM034y4qN7EprSdmgyA=",
        "owner": "numtide",
        "repo": "flake-utils",
        "rev": "1ef2e671c3b0c19053962c07dbda38332dcebf26",
        "type": "github"
      },
      "original": {
        "owner": "numtide",
        "repo": "flake-utils",
        "type": "github"
      }
    },
    "flakeCompat": {
      "flake": false,
      "locked": {
        "lastModified": 1650374568,
        "narHash": "sha256-Z+s0J8/r907g149rllvwhb4pKi8Wam5ij0st8PwAh+E=",
        "owner": "edolstra",
        "repo": "flake-compat",
        "rev": "b4a34015c698c7793d592d66adbab377907a2be8",
        "type": "github"
      },
      "original": {
        "owner": "edolstra",
        "repo": "flake-compat",
        "type": "github"
      }
    },
    "harmony": {
      "inputs": {
        "alejandra": [
          "alejandra"
        ],
        "nixpkgs": [
          "nixpkgs-edge"
        ]
      },
      "locked": {
        "lastModified": 1710015535,
        "narHash": "sha256-fCEpsSumPxw633c7bzd4bTeXU6PjzT0c2u4CteHG35I=",
        "owner": "mattpolzin",
        "repo": "harmony",
        "rev": "187d5346d7e66576b7eb727ec644c8e18c2baf14",
        "type": "github"
      },
      "original": {
        "owner": "mattpolzin",
        "repo": "harmony",
        "type": "github"
      }
    },
    "home-manager": {
      "inputs": {
        "nixpkgs": [
          "nixpkgs"
        ]
      },
      "locked": {
        "lastModified": 1706981411,
        "narHash": "sha256-cLbLPTL1CDmETVh4p0nQtvoF+FSEjsnJTFpTxhXywhQ=",
        "owner": "nix-community",
        "repo": "home-manager",
        "rev": "652fda4ca6dafeb090943422c34ae9145787af37",
        "type": "github"
      },
      "original": {
        "owner": "nix-community",
        "ref": "release-23.11",
        "repo": "home-manager",
        "type": "github"
      }
    },
    "idris": {
      "inputs": {
        "flake-utils": "flake-utils",
        "idris-emacs-src": "idris-emacs-src",
        "nixpkgs": [
          "nixpkgs-edge"
        ]
      },
      "locked": {
        "lastModified": 1710541265,
        "narHash": "sha256-MnBq4gKIRRWpUxceu+RXjyW+j9Jll+MUng977EkF7Ok=",
        "owner": "idris-lang",
        "repo": "Idris2",
        "rev": "7219486aec878d8f4f7edc35cb20899c46ed4d1a",
        "type": "github"
      },
      "original": {
        "owner": "idris-lang",
        "repo": "Idris2",
        "type": "github"
      }
    },
    "idris-emacs-src": {
      "flake": false,
      "locked": {
        "lastModified": 1666078909,
        "narHash": "sha256-oYNHFIpcrFfPb4sXJwEBFKeH+PB4AGCrAFrfBrSTCeo=",
        "owner": "redfish64",
        "repo": "idris2-mode",
        "rev": "3bcb52a65c488f31c99d20f235f6050418a84c9d",
        "type": "github"
      },
      "original": {
        "owner": "redfish64",
        "repo": "idris2-mode",
        "type": "github"
      }
    },
    "idris-lsp": {
      "inputs": {
        "alejandra": [
          "alejandra"
        ],
        "idris": [
          "idris"
        ],
        "lsp-lib": "lsp-lib",
        "nixpkgs": [
          "nixpkgs-edge"
        ]
      },
      "locked": {
        "lastModified": 1710049273,
        "narHash": "sha256-B5Chc7Le/c7z5lUUXtmzp7g2jmqIGQE29pHMVR1fc3Y=",
        "owner": "idris-community",
        "repo": "idris2-lsp",
        "rev": "07e751bb6372b496844ba0fc22c1692b22e98919",
        "type": "github"
      },
      "original": {
        "owner": "idris-community",
        "repo": "idris2-lsp",
        "type": "github"
      }
    },
    "lsp-lib": {
      "inputs": {
        "idris": [
          "idris-lsp",
          "idris"
        ],
        "nixpkgs": [
          "idris-lsp",
          "nixpkgs"
        ]
      },
      "locked": {
        "lastModified": 1705902050,
        "narHash": "sha256-ICW9oOOP70hXneJFYInuPY68SZTDw10dSxSPTW4WwWM=",
        "owner": "idris-community",
        "repo": "LSP-lib",
        "rev": "03851daae0c0274a02d94663d8f53143a94640da",
        "type": "github"
      },
      "original": {
        "owner": "idris-community",
        "repo": "LSP-lib",
        "type": "github"
      }
    },
    "nix-darwin": {
      "inputs": {
        "nixpkgs": [
          "nixpkgs"
        ]
      },
      "locked": {
        "lastModified": 1710281379,
        "narHash": "sha256-uFo9hxt982L3nFJeweW4Gip2esiGrIQlbvEGrNTh4AY=",
        "owner": "LnL7",
        "repo": "nix-darwin",
        "rev": "d9ea313bc4851670dc99c5cc979cb79750e7d670",
        "type": "github"
      },
      "original": {
        "owner": "LnL7",
        "repo": "nix-darwin",
        "type": "github"
      }
    },
    "nix-index-database": {
      "inputs": {
        "nixpkgs": [
          "nixpkgs"
        ]
      },
      "locked": {
        "lastModified": 1710120787,
        "narHash": "sha256-tlLuB73OCOKtU2j83bQzSYFyzjJo3rjpITZE5MoofG8=",
        "owner": "Mic92",
        "repo": "nix-index-database",
        "rev": "e76ff2df6bfd2abe06abd8e7b9f217df941c1b07",
        "type": "github"
      },
      "original": {
        "owner": "Mic92",
        "repo": "nix-index-database",
        "type": "github"
      }
    },
    "nixpkgs": {
      "locked": {
        "lastModified": 1710565619,
        "narHash": "sha256-xu/EnZCNdIj7m/QjCNIG5vrCA4TYg5uwFReb9XDxET0=",
        "owner": "NixOS",
        "repo": "nixpkgs",
        "rev": "8ac30a39abc5ea67037dfbf090d6e89f187c6e50",
        "type": "github"
      },
      "original": {
        "owner": "NixOS",
        "ref": "nixpkgs-23.11-darwin",
        "repo": "nixpkgs",
        "type": "github"
      }
    },
    "nixpkgs-edge": {
      "locked": {
        "lastModified": 1710616078,
        "narHash": "sha256-P6qX52rxJb22plS9nQH+3nXuPbRqv4QtggwWnx1Tgxw=",
        "owner": "NixOS",
        "repo": "nixpkgs",
        "rev": "9a233d95a78fbd10bd46f637c87f088806b28ef2",
        "type": "github"
      },
      "original": {
        "owner": "NixOS",
        "repo": "nixpkgs",
        "type": "github"
      }
    },
    "root": {
      "inputs": {
        "agenix": "agenix",
        "alejandra": "alejandra",
        "harmony": "harmony",
        "home-manager": "home-manager",
        "idris": "idris",
        "idris-lsp": "idris-lsp",
        "nix-darwin": "nix-darwin",
        "nix-index-database": "nix-index-database",
        "nixpkgs": "nixpkgs",
        "nixpkgs-edge": "nixpkgs-edge"
      }
    },
    "rust-analyzer-src": {
      "flake": false,
      "locked": {
        "lastModified": 1668182250,
        "narHash": "sha256-PYGaOCiFvnJdVz+ZCaKF8geGdffXjJUNcMwaBHv0FT4=",
        "owner": "rust-lang",
        "repo": "rust-analyzer",
        "rev": "45ec315e01dc8dd1146dfeb65f0ef6e5c2efed78",
        "type": "github"
      },
      "original": {
        "owner": "rust-lang",
        "ref": "nightly",
        "repo": "rust-analyzer",
        "type": "github"
      }
    },
    "systems": {
      "locked": {
        "lastModified": 1681028828,
        "narHash": "sha256-Vy1rq5AaRuLzOxct8nz4T6wlgyUR7zLU309k9mBC768=",
        "owner": "nix-systems",
        "repo": "default",
        "rev": "da67096a3b9bf56a91d16901293e51ba5b49a27e",
        "type": "github"
      },
      "original": {
        "owner": "nix-systems",
        "repo": "default",
        "type": "github"
      }
    },
    "systems_2": {
      "locked": {
        "lastModified": 1681028828,
        "narHash": "sha256-Vy1rq5AaRuLzOxct8nz4T6wlgyUR7zLU309k9mBC768=",
        "owner": "nix-systems",
        "repo": "default",
        "rev": "da67096a3b9bf56a91d16901293e51ba5b49a27e",
        "type": "github"
      },
      "original": {
        "owner": "nix-systems",
        "repo": "default",
        "type": "github"
      }
    }
  },
  "root": "root",
  "version": 7
}
